// !$*UTF8*$!
{
	archiveVersion = 1;
	classes = {
	};
	objectVersion = 50;
	objects = {

/* Begin PBXBuildFile section */
		1887335426C925DD005860C8 /* AppDelegate.swift in Sources */ = {isa = PBXBuildFile; fileRef = 1887335326C925DD005860C8 /* AppDelegate.swift */; };
		1887335E26C925DD005860C8 /* BasicIOS_topic_CoreData.xcdatamodeld in Sources */ = {isa = PBXBuildFile; fileRef = 1887335C26C925DD005860C8 /* BasicIOS_topic_CoreData.xcdatamodeld */; };
		1887336026C925DF005860C8 /* Assets.xcassets in Resources */ = {isa = PBXBuildFile; fileRef = 1887335F26C925DF005860C8 /* Assets.xcassets */; };
		1887337A26C92DEB005860C8 /* HomeViewController.swift in Sources */ = {isa = PBXBuildFile; fileRef = 1887337826C92DEB005860C8 /* HomeViewController.swift */; };
		1887337B26C92DEB005860C8 /* HomeViewController.xib in Resources */ = {isa = PBXBuildFile; fileRef = 1887337926C92DEB005860C8 /* HomeViewController.xib */; };
		18DAB8D426C93364003D5214 /* HomeCell.swift in Sources */ = {isa = PBXBuildFile; fileRef = 18DAB8D226C93364003D5214 /* HomeCell.swift */; };
		18DAB8D526C93364003D5214 /* HomeCell.xib in Resources */ = {isa = PBXBuildFile; fileRef = 18DAB8D326C93364003D5214 /* HomeCell.xib */; };
		18DAB8E626C93B06003D5214 /* SceneDelegate.swift in Sources */ = {isa = PBXBuildFile; fileRef = 18DAB8E526C93B06003D5214 /* SceneDelegate.swift */; };
		18DAB8EC26C93F4B003D5214 /* User+CoreDataClass.swift in Sources */ = {isa = PBXBuildFile; fileRef = 18DAB8EB26C93F4B003D5214 /* User+CoreDataClass.swift */; };
		18DAB8EE26C93F75003D5214 /* User+CoreDataProperties.swift in Sources */ = {isa = PBXBuildFile; fileRef = 18DAB8ED26C93F75003D5214 /* User+CoreDataProperties.swift */; };
		18DAB8F126C94A04003D5214 /* NewViewController.swift in Sources */ = {isa = PBXBuildFile; fileRef = 18DAB8EF26C94A04003D5214 /* NewViewController.swift */; };
		18DAB8F226C94A04003D5214 /* NewViewController.xib in Resources */ = {isa = PBXBuildFile; fileRef = 18DAB8F026C94A04003D5214 /* NewViewController.xib */; };
		18DAB8F526C953C3003D5214 /* EditViewController.swift in Sources */ = {isa = PBXBuildFile; fileRef = 18DAB8F326C953C3003D5214 /* EditViewController.swift */; };
		18DAB8F626C953C3003D5214 /* EditViewController.xib in Resources */ = {isa = PBXBuildFile; fileRef = 18DAB8F426C953C3003D5214 /* EditViewController.xib */; };
/* End PBXBuildFile section */

/* Begin PBXFileReference section */
		1887335026C925DD005860C8 /* BasicIOS-topic-CoreData.app */ = {isa = PBXFileReference; explicitFileType = wrapper.application; includeInIndex = 0; path = "BasicIOS-topic-CoreData.app"; sourceTree = BUILT_PRODUCTS_DIR; };
		1887335326C925DD005860C8 /* AppDelegate.swift */ = {isa = PBXFileReference; lastKnownFileType = sourcecode.swift; path = AppDelegate.swift; sourceTree = "<group>"; };
		1887335D26C925DD005860C8 /* BasicIOS_topic_CoreData.xcdatamodel */ = {isa = PBXFileReference; lastKnownFileType = wrapper.xcdatamodel; path = BasicIOS_topic_CoreData.xcdatamodel; sourceTree = "<group>"; };
		1887335F26C925DF005860C8 /* Assets.xcassets */ = {isa = PBXFileReference; lastKnownFileType = folder.assetcatalog; path = Assets.xcassets; sourceTree = "<group>"; };
		1887336426C925DF005860C8 /* Info.plist */ = {isa = PBXFileReference; lastKnownFileType = text.plist.xml; path = Info.plist; sourceTree = "<group>"; };
		1887337826C92DEB005860C8 /* HomeViewController.swift */ = {isa = PBXFileReference; lastKnownFileType = sourcecode.swift; path = HomeViewController.swift; sourceTree = "<group>"; };
		1887337926C92DEB005860C8 /* HomeViewController.xib */ = {isa = PBXFileReference; lastKnownFileType = file.xib; path = HomeViewController.xib; sourceTree = "<group>"; };
		18DAB8D226C93364003D5214 /* HomeCell.swift */ = {isa = PBXFileReference; lastKnownFileType = sourcecode.swift; path = HomeCell.swift; sourceTree = "<group>"; };
		18DAB8D326C93364003D5214 /* HomeCell.xib */ = {isa = PBXFileReference; lastKnownFileType = file.xib; path = HomeCell.xib; sourceTree = "<group>"; };
		18DAB8E526C93B06003D5214 /* SceneDelegate.swift */ = {isa = PBXFileReference; lastKnownFileType = sourcecode.swift; path = SceneDelegate.swift; sourceTree = "<group>"; };
		18DAB8EB26C93F4B003D5214 /* User+CoreDataClass.swift */ = {isa = PBXFileReference; lastKnownFileType = sourcecode.swift; path = "User+CoreDataClass.swift"; sourceTree = "<group>"; };
		18DAB8ED26C93F75003D5214 /* User+CoreDataProperties.swift */ = {isa = PBXFileReference; lastKnownFileType = sourcecode.swift; path = "User+CoreDataProperties.swift"; sourceTree = "<group>"; };
		18DAB8EF26C94A04003D5214 /* NewViewController.swift */ = {isa = PBXFileReference; lastKnownFileType = sourcecode.swift; path = NewViewController.swift; sourceTree = "<group>"; };
		18DAB8F026C94A04003D5214 /* NewViewController.xib */ = {isa = PBXFileReference; lastKnownFileType = file.xib; path = NewViewController.xib; sourceTree = "<group>"; };
		18DAB8F326C953C3003D5214 /* EditViewController.swift */ = {isa = PBXFileReference; lastKnownFileType = sourcecode.swift; path = EditViewController.swift; sourceTree = "<group>"; };
		18DAB8F426C953C3003D5214 /* EditViewController.xib */ = {isa = PBXFileReference; lastKnownFileType = file.xib; path = EditViewController.xib; sourceTree = "<group>"; };
/* End PBXFileReference section */

/* Begin PBXFrameworksBuildPhase section */
		1887334D26C925DD005860C8 /* Frameworks */ = {
			isa = PBXFrameworksBuildPhase;
			buildActionMask = 2147483647;
			files = (
			);
			runOnlyForDeploymentPostprocessing = 0;
		};
/* End PBXFrameworksBuildPhase section */

/* Begin PBXGroup section */
		1887334726C925DD005860C8 = {
			isa = PBXGroup;
			children = (
				1887335226C925DD005860C8 /* BasicIOS-topic-CoreData */,
				1887335126C925DD005860C8 /* Products */,
			);
			sourceTree = "<group>";
		};
		1887335126C925DD005860C8 /* Products */ = {
			isa = PBXGroup;
			children = (
				1887335026C925DD005860C8 /* BasicIOS-topic-CoreData.app */,
			);
			name = Products;
			sourceTree = "<group>";
		};
		1887335226C925DD005860C8 /* BasicIOS-topic-CoreData */ = {
			isa = PBXGroup;
			children = (
				1887336A26C9293F005860C8 /* AppDelegate */,
				1887336E26C9297B005860C8 /* Controller */,
				1887336D26C92972005860C8 /* Model */,
				1887336C26C9296D005860C8 /* View */,
				1887336B26C9294C005860C8 /* Resources */,
				1887336426C925DF005860C8 /* Info.plist */,
				1887335C26C925DD005860C8 /* BasicIOS_topic_CoreData.xcdatamodeld */,
			);
			path = "BasicIOS-topic-CoreData";
			sourceTree = "<group>";
		};
		1887336A26C9293F005860C8 /* AppDelegate */ = {
			isa = PBXGroup;
			children = (
				1887335326C925DD005860C8 /* AppDelegate.swift */,
				18DAB8E526C93B06003D5214 /* SceneDelegate.swift */,
			);
			path = AppDelegate;
			sourceTree = "<group>";
		};
		1887336B26C9294C005860C8 /* Resources */ = {
			isa = PBXGroup;
			children = (
				1887335F26C925DF005860C8 /* Assets.xcassets */,
			);
			path = Resources;
			sourceTree = "<group>";
		};
		1887336C26C9296D005860C8 /* View */ = {
			isa = PBXGroup;
			children = (
			);
			path = View;
			sourceTree = "<group>";
		};
		1887336D26C92972005860C8 /* Model */ = {
			isa = PBXGroup;
			children = (
				18DAB8DC26C93749003D5214 /* CoreData */,
			);
			path = Model;
			sourceTree = "<group>";
		};
		1887336E26C9297B005860C8 /* Controller */ = {
			isa = PBXGroup;
			children = (
				18DAB8D726C93497003D5214 /* New */,
				18DAB8D626C93492003D5214 /* Edit */,
				1887337226C92DB0005860C8 /* Home */,
			);
			path = Controller;
			sourceTree = "<group>";
		};
		1887337226C92DB0005860C8 /* Home */ = {
			isa = PBXGroup;
			children = (
				18DAB8D126C93335003D5214 /* Cells */,
				1887337826C92DEB005860C8 /* HomeViewController.swift */,
				1887337926C92DEB005860C8 /* HomeViewController.xib */,
			);
			path = Home;
			sourceTree = "<group>";
		};
		18DAB8D126C93335003D5214 /* Cells */ = {
			isa = PBXGroup;
			children = (
				18DAB8D226C93364003D5214 /* HomeCell.swift */,
				18DAB8D326C93364003D5214 /* HomeCell.xib */,
			);
			path = Cells;
			sourceTree = "<group>";
		};
		18DAB8D626C93492003D5214 /* Edit */ = {
			isa = PBXGroup;
			children = (
				18DAB8F326C953C3003D5214 /* EditViewController.swift */,
				18DAB8F426C953C3003D5214 /* EditViewController.xib */,
			);
			path = Edit;
			sourceTree = "<group>";
		};
		18DAB8D726C93497003D5214 /* New */ = {
			isa = PBXGroup;
			children = (
				18DAB8EF26C94A04003D5214 /* NewViewController.swift */,
				18DAB8F026C94A04003D5214 /* NewViewController.xib */,
			);
			path = New;
			sourceTree = "<group>";
		};
		18DAB8DC26C93749003D5214 /* CoreData */ = {
			isa = PBXGroup;
			children = (
				18DAB8EB26C93F4B003D5214 /* User+CoreDataClass.swift */,
				18DAB8ED26C93F75003D5214 /* User+CoreDataProperties.swift */,
			);
			path = CoreData;
			sourceTree = "<group>";
		};
/* End PBXGroup section */

/* Begin PBXNativeTarget section */
		1887334F26C925DD005860C8 /* BasicIOS-topic-CoreData */ = {
			isa = PBXNativeTarget;
			buildConfigurationList = 1887336726C925DF005860C8 /* Build configuration list for PBXNativeTarget "BasicIOS-topic-CoreData" */;
			buildPhases = (
				1887334C26C925DD005860C8 /* Sources */,
				1887334D26C925DD005860C8 /* Frameworks */,
				1887334E26C925DD005860C8 /* Resources */,
			);
			buildRules = (
			);
			dependencies = (
			);
			name = "BasicIOS-topic-CoreData";
			productName = "BasicIOS-topic-CoreData";
			productReference = 1887335026C925DD005860C8 /* BasicIOS-topic-CoreData.app */;
			productType = "com.apple.product-type.application";
		};
/* End PBXNativeTarget section */

/* Begin PBXProject section */
		1887334826C925DD005860C8 /* Project object */ = {
			isa = PBXProject;
			attributes = {
				LastSwiftUpdateCheck = 1250;
				LastUpgradeCheck = 1250;
				TargetAttributes = {
					1887334F26C925DD005860C8 = {
						CreatedOnToolsVersion = 12.5.1;
					};
				};
			};
			buildConfigurationList = 1887334B26C925DD005860C8 /* Build configuration list for PBXProject "BasicIOS-topic-CoreData" */;
			compatibilityVersion = "Xcode 9.3";
			developmentRegion = en;
			hasScannedForEncodings = 0;
			knownRegions = (
				en,
				Base,
			);
			mainGroup = 1887334726C925DD005860C8;
			productRefGroup = 1887335126C925DD005860C8 /* Products */;
			projectDirPath = "";
			projectRoot = "";
			targets = (
				1887334F26C925DD005860C8 /* BasicIOS-topic-CoreData */,
			);
		};
/* End PBXProject section */

/* Begin PBXResourcesBuildPhase section */
		1887334E26C925DD005860C8 /* Resources */ = {
			isa = PBXResourcesBuildPhase;
			buildActionMask = 2147483647;
			files = (
				1887336026C925DF005860C8 /* Assets.xcassets in Resources */,
				1887337B26C92DEB005860C8 /* HomeViewController.xib in Resources */,
				18DAB8F626C953C3003D5214 /* EditViewController.xib in Resources */,
				18DAB8D526C93364003D5214 /* HomeCell.xib in Resources */,
				18DAB8F226C94A04003D5214 /* NewViewController.xib in Resources */,
			);
			runOnlyForDeploymentPostprocessing = 0;
		};
/* End PBXResourcesBuildPhase section */

/* Begin PBXSourcesBuildPhase section */
		1887334C26C925DD005860C8 /* Sources */ = {
			isa = PBXSourcesBuildPhase;
			buildActionMask = 2147483647;
			files = (
				1887335E26C925DD005860C8 /* BasicIOS_topic_CoreData.xcdatamodeld in Sources */,
				18DAB8E626C93B06003D5214 /* SceneDelegate.swift in Sources */,
				18DAB8EC26C93F4B003D5214 /* User+CoreDataClass.swift in Sources */,
				18DAB8F126C94A04003D5214 /* NewViewController.swift in Sources */,
				18DAB8EE26C93F75003D5214 /* User+CoreDataProperties.swift in Sources */,
				18DAB8D426C93364003D5214 /* HomeCell.swift in Sources */,
				1887335426C925DD005860C8 /* AppDelegate.swift in Sources */,
				1887337A26C92DEB005860C8 /* HomeViewController.swift in Sources */,
				18DAB8F526C953C3003D5214 /* EditViewController.swift in Sources */,
			);
			runOnlyForDeploymentPostprocessing = 0;
		};
/* End PBXSourcesBuildPhase section */

/* Begin XCBuildConfiguration section */
		1887336526C925DF005860C8 /* Debug */ = {
			isa = XCBuildConfiguration;
			buildSettings = {
				ALWAYS_SEARCH_USER_PATHS = NO;
				CLANG_ANALYZER_NONNULL = YES;
				CLANG_ANALYZER_NUMBER_OBJECT_CONVERSION = YES_AGGRESSIVE;
				CLANG_CXX_LANGUAGE_STANDARD = "gnu++14";
				CLANG_CXX_LIBRARY = "libc++";
				CLANG_ENABLE_MODULES = YES;
				CLANG_ENABLE_OBJC_ARC = YES;
				CLANG_ENABLE_OBJC_WEAK = YES;
				CLANG_WARN_BLOCK_CAPTURE_AUTORELEASING = YES;
				CLANG_WARN_BOOL_CONVERSION = YES;
				CLANG_WARN_COMMA = YES;
				CLANG_WARN_CONSTANT_CONVERSION = YES;
				CLANG_WARN_DEPRECATED_OBJC_IMPLEMENTATIONS = YES;
				CLANG_WARN_DIRECT_OBJC_ISA_USAGE = YES_ERROR;
				CLANG_WARN_DOCUMENTATION_COMMENTS = YES;
				CLANG_WARN_EMPTY_BODY = YES;
				CLANG_WARN_ENUM_CONVERSION = YES;
				CLANG_WARN_INFINITE_RECURSION = YES;
				CLANG_WARN_INT_CONVERSION = YES;
				CLANG_WARN_NON_LITERAL_NULL_CONVERSION = YES;
				CLANG_WARN_OBJC_IMPLICIT_RETAIN_SELF = YES;
				CLANG_WARN_OBJC_LITERAL_CONVERSION = YES;
				CLANG_WARN_OBJC_ROOT_CLASS = YES_ERROR;
				CLANG_WARN_QUOTED_INCLUDE_IN_FRAMEWORK_HEADER = YES;
				CLANG_WARN_RANGE_LOOP_ANALYSIS = YES;
				CLANG_WARN_STRICT_PROTOTYPES = YES;
				CLANG_WARN_SUSPICIOUS_MOVE = YES;
				CLANG_WARN_UNGUARDED_AVAILABILITY = YES_AGGRESSIVE;
				CLANG_WARN_UNREACHABLE_CODE = YES;
				CLANG_WARN__DUPLICATE_METHOD_MATCH = YES;
				COPY_PHASE_STRIP = NO;
				DEBUG_INFORMATION_FORMAT = dwarf;
				ENABLE_STRICT_OBJC_MSGSEND = YES;
				ENABLE_TESTABILITY = YES;
				GCC_C_LANGUAGE_STANDARD = gnu11;
				GCC_DYNAMIC_NO_PIC = NO;
				GCC_NO_COMMON_BLOCKS = YES;
				GCC_OPTIMIZATION_LEVEL = 0;
				GCC_PREPROCESSOR_DEFINITIONS = (
					"DEBUG=1",
					"$(inherited)",
				);
				GCC_WARN_64_TO_32_BIT_CONVERSION = YES;
				GCC_WARN_ABOUT_RETURN_TYPE = YES_ERROR;
				GCC_WARN_UNDECLARED_SELECTOR = YES;
				GCC_WARN_UNINITIALIZED_AUTOS = YES_AGGRESSIVE;
				GCC_WARN_UNUSED_FUNCTION = YES;
				GCC_WARN_UNUSED_VARIABLE = YES;
				IPHONEOS_DEPLOYMENT_TARGET = 14.5;
				MTL_ENABLE_DEBUG_INFO = INCLUDE_SOURCE;
				MTL_FAST_MATH = YES;
				ONLY_ACTIVE_ARCH = YES;
				SDKROOT = iphoneos;
				SWIFT_ACTIVE_COMPILATION_CONDITIONS = DEBUG;
				SWIFT_OPTIMIZATION_LEVEL = "-Onone";
			};
			name = Debug;
		};
		1887336626C925DF005860C8 /* Release */ = {
			isa = XCBuildConfiguration;
			buildSettings = {
				ALWAYS_SEARCH_USER_PATHS = NO;
				CLANG_ANALYZER_NONNULL = YES;
				CLANG_ANALYZER_NUMBER_OBJECT_CONVERSION = YES_AGGRESSIVE;
				CLANG_CXX_LANGUAGE_STANDARD = "gnu++14";
				CLANG_CXX_LIBRARY = "libc++";
				CLANG_ENABLE_MODULES = YES;
				CLANG_ENABLE_OBJC_ARC = YES;
				CLANG_ENABLE_OBJC_WEAK = YES;
				CLANG_WARN_BLOCK_CAPTURE_AUTORELEASING = YES;
				CLANG_WARN_BOOL_CONVERSION = YES;
				CLANG_WARN_COMMA = YES;
				CLANG_WARN_CONSTANT_CONVERSION = YES;
				CLANG_WARN_DEPRECATED_OBJC_IMPLEMENTATIONS = YES;
				CLANG_WARN_DIRECT_OBJC_ISA_USAGE = YES_ERROR;
				CLANG_WARN_DOCUMENTATION_COMMENTS = YES;
				CLANG_WARN_EMPTY_BODY = YES;
				CLANG_WARN_ENUM_CONVERSION = YES;
				CLANG_WARN_INFINITE_RECURSION = YES;
				CLANG_WARN_INT_CONVERSION = YES;
				CLANG_WARN_NON_LITERAL_NULL_CONVERSION = YES;
				CLANG_WARN_OBJC_IMPLICIT_RETAIN_SELF = YES;
				CLANG_WARN_OBJC_LITERAL_CONVERSION = YES;
				CLANG_WARN_OBJC_ROOT_CLASS = YES_ERROR;
				CLANG_WARN_QUOTED_INCLUDE_IN_FRAMEWORK_HEADER = YES;
				CLANG_WARN_RANGE_LOOP_ANALYSIS = YES;
				CLANG_WARN_STRICT_PROTOTYPES = YES;
				CLANG_WARN_SUSPICIOUS_MOVE = YES;
				CLANG_WARN_UNGUARDED_AVAILABILITY = YES_AGGRESSIVE;
				CLANG_WARN_UNREACHABLE_CODE = YES;
				CLANG_WARN__DUPLICATE_METHOD_MATCH = YES;
				COPY_PHASE_STRIP = NO;
				DEBUG_INFORMATION_FORMAT = "dwarf-with-dsym";
				ENABLE_NS_ASSERTIONS = NO;
				ENABLE_STRICT_OBJC_MSGSEND = YES;
				GCC_C_LANGUAGE_STANDARD = gnu11;
				GCC_NO_COMMON_BLOCKS = YES;
				GCC_WARN_64_TO_32_BIT_CONVERSION = YES;
				GCC_WARN_ABOUT_RETURN_TYPE = YES_ERROR;
				GCC_WARN_UNDECLARED_SELECTOR = YES;
				GCC_WARN_UNINITIALIZED_AUTOS = YES_AGGRESSIVE;
				GCC_WARN_UNUSED_FUNCTION = YES;
				GCC_WARN_UNUSED_VARIABLE = YES;
				IPHONEOS_DEPLOYMENT_TARGET = 14.5;
				MTL_ENABLE_DEBUG_INFO = NO;
				MTL_FAST_MATH = YES;
				SDKROOT = iphoneos;
				SWIFT_COMPILATION_MODE = wholemodule;
				SWIFT_OPTIMIZATION_LEVEL = "-O";
				VALIDATE_PRODUCT = YES;
			};
			name = Release;
		};
		1887336826C925DF005860C8 /* Debug */ = {
			isa = XCBuildConfiguration;
			buildSettings = {
				ASSETCATALOG_COMPILER_APPICON_NAME = AppIcon;
				ASSETCATALOG_COMPILER_GLOBAL_ACCENT_COLOR_NAME = AccentColor;
				CODE_SIGN_STYLE = Automatic;
				INFOPLIST_FILE = "BasicIOS-topic-CoreData/Info.plist";
				LD_RUNPATH_SEARCH_PATHS = (
					"$(inherited)",
					"@executable_path/Frameworks",
				);
				PRODUCT_BUNDLE_IDENTIFIER = "com.demo.BasicIOS-topic-CoreData";
				PRODUCT_NAME = "$(TARGET_NAME)";
				SWIFT_VERSION = 5.0;
				TARGETED_DEVICE_FAMILY = "1,2";
			};
			name = Debug;
		};
		1887336926C925DF005860C8 /* Release */ = {
			isa = XCBuildConfiguration;
			buildSettings = {
				ASSETCATALOG_COMPILER_APPICON_NAME = AppIcon;
				ASSETCATALOG_COMPILER_GLOBAL_ACCENT_COLOR_NAME = AccentColor;
				CODE_SIGN_STYLE = Automatic;
				INFOPLIST_FILE = "BasicIOS-topic-CoreData/Info.plist";
				LD_RUNPATH_SEARCH_PATHS = (
					"$(inherited)",
					"@executable_path/Frameworks",
				);
				PRODUCT_BUNDLE_IDENTIFIER = "com.demo.BasicIOS-topic-CoreData";
				PRODUCT_NAME = "$(TARGET_NAME)";
				SWIFT_VERSION = 5.0;
				TARGETED_DEVICE_FAMILY = "1,2";
			};
			name = Release;
		};
/* End XCBuildConfiguration section */

/* Begin XCConfigurationList section */
		1887334B26C925DD005860C8 /* Build configuration list for PBXProject "BasicIOS-topic-CoreData" */ = {
			isa = XCConfigurationList;
			buildConfigurations = (
				1887336526C925DF005860C8 /* Debug */,
				1887336626C925DF005860C8 /* Release */,
			);
			defaultConfigurationIsVisible = 0;
			defaultConfigurationName = Release;
		};
		1887336726C925DF005860C8 /* Build configuration list for PBXNativeTarget "BasicIOS-topic-CoreData" */ = {
			isa = XCConfigurationList;
			buildConfigurations = (
				1887336826C925DF005860C8 /* Debug */,
				1887336926C925DF005860C8 /* Release */,
			);
			defaultConfigurationIsVisible = 0;
			defaultConfigurationName = Release;
		};
/* End XCConfigurationList section */

/* Begin XCVersionGroup section */
		1887335C26C925DD005860C8 /* BasicIOS_topic_CoreData.xcdatamodeld */ = {
			isa = XCVersionGroup;
			children = (
				1887335D26C925DD005860C8 /* BasicIOS_topic_CoreData.xcdatamodel */,
			);
			currentVersion = 1887335D26C925DD005860C8 /* BasicIOS_topic_CoreData.xcdatamodel */;
			path = BasicIOS_topic_CoreData.xcdatamodeld;
			sourceTree = "<group>";
			usesTabs = 0;
			versionGroupType = wrapper.xcdatamodel;
		};
/* End XCVersionGroup section */
	};
	rootObject = 1887334826C925DD005860C8 /* Project object */;
}
